
Microsoft Visual Studio Solution File, Format Version 12.00
# Visual Studio Version 17
VisualStudioVersion = 17.11.35208.52
MinimumVisualStudioVersion = 10.0.40219.1
Project("{FAE04EC0-301F-11D3-BF4B-00C04F79EFBC}") = "Profit.Integrator", "Profit.Integrator.csproj", "{B3F8321E-13CB-4450-8C51-D5A0C634A8B7}"
EndProject
Project("{FAE04EC0-301F-11D3-BF4B-00C04F79EFBC}") = "Profit.Integrator.Abstractions", "..\Profit.Integrator.Abstractions\Profit.Integrator.Abstractions.csproj", "{A99922EC-1935-4478-82F3-D74C2D7373C3}"
EndProject
Project("{D954291E-2A0B-460D-934E-DC6B0785DB48}") = "Profit.Shared", "..\Profit.Shared\Profit.Shared.shproj", "{8463BF73-51C2-4424-AB99-114A45A2FB49}"
EndProject
Project("{FAE04EC0-301F-11D3-BF4B-00C04F79EFBC}") = "Profit.Integrator.Storage", "..\Profit.Integrator.Storage\Profit.Integrator.Storage.csproj", "{C2569A8E-84CD-494B-8538-176BA8346009}"
EndProject
Global
	GlobalSection(SolutionConfigurationPlatforms) = preSolution
		Debug|Any CPU = Debug|Any CPU
		Release|Any CPU = Release|Any CPU
	EndGlobalSection
	GlobalSection(ProjectConfigurationPlatforms) = postSolution
		{B3F8321E-13CB-4450-8C51-D5A0C634A8B7}.Debug|Any CPU.ActiveCfg = Debug|Any CPU
		{B3F8321E-13CB-4450-8C51-D5A0C634A8B7}.Debug|Any CPU.Build.0 = Debug|Any CPU
		{B3F8321E-13CB-4450-8C51-D5A0C634A8B7}.Release|Any CPU.ActiveCfg = Release|Any CPU
		{B3F8321E-13CB-4450-8C51-D5A0C634A8B7}.Release|Any CPU.Build.0 = Release|Any CPU
		{A99922EC-1935-4478-82F3-D74C2D7373C3}.Debug|Any CPU.ActiveCfg = Debug|Any CPU
		{A99922EC-1935-4478-82F3-D74C2D7373C3}.Debug|Any CPU.Build.0 = Debug|Any CPU
		{A99922EC-1935-4478-82F3-D74C2D7373C3}.Release|Any CPU.ActiveCfg = Release|Any CPU
		{A99922EC-1935-4478-82F3-D74C2D7373C3}.Release|Any CPU.Build.0 = Release|Any CPU
		{C2569A8E-84CD-494B-8538-176BA8346009}.Debug|Any CPU.ActiveCfg = Debug|Any CPU
		{C2569A8E-84CD-494B-8538-176BA8346009}.Debug|Any CPU.Build.0 = Debug|Any CPU
		{C2569A8E-84CD-494B-8538-176BA8346009}.Release|Any CPU.ActiveCfg = Release|Any CPU
		{C2569A8E-84CD-494B-8538-176BA8346009}.Release|Any CPU.Build.0 = Release|Any CPU
	EndGlobalSection
	GlobalSection(SolutionProperties) = preSolution
		HideSolutionNode = FALSE
	EndGlobalSection
	GlobalSection(ExtensibilityGlobals) = postSolution
		SolutionGuid = {950A67E7-9748-4F8D-B36B-ECEAD299A4EE}
	EndGlobalSection
	GlobalSection(SharedMSBuildProjectFiles) = preSolution
		..\Profit.Shared\Profit.Shared.projitems*{8463bf73-51c2-4424-ab99-114a45a2fb49}*SharedItemsImports = 13
		..\Profit.Shared\Profit.Shared.projitems*{b3f8321e-13cb-4450-8c51-d5a0c634a8b7}*SharedItemsImports = 5
	EndGlobalSection
EndGlobal
